
Microsoft Visual Studio Solution File, Format Version 12.00
# Visual Studio Version 17
VisualStudioVersion = 17.0.31912.275
MinimumVisualStudioVersion = 10.0.40219.1
Project("{FAE04EC0-301F-11D3-BF4B-00C04F79EFBC}") = "BuzzControllerClassLibraryCore", "BuzzControllerClassLibraryCore\BuzzControllerClassLibraryCore.csproj", "{D89933EF-1744-4E93-8BEB-AE5CB27ADDF8}"
EndProject
Project("{FAE04EC0-301F-11D3-BF4B-00C04F79EFBC}") = "BuzzControllerWinFormsTestApp", "BuzzControllerWinFormsTestApp\BuzzControllerWinFormsTestApp.csproj", "{7CA9D4CB-CF6A-4F99-8306-F2D3C34A8AB8}"
EndProject
Global
	GlobalSection(SolutionConfigurationPlatforms) = preSolution
		Debug|Any CPU = Debug|Any CPU
		Release|Any CPU = Release|Any CPU
	EndGlobalSection
	GlobalSection(ProjectConfigurationPlatforms) = postSolution
		{D89933EF-1744-4E93-8BEB-AE5CB27ADDF8}.Debug|Any CPU.ActiveCfg = Debug|Any CPU
		{D89933EF-1744-4E93-8BEB-AE5CB27ADDF8}.Debug|Any CPU.Build.0 = Debug|Any CPU
		{D89933EF-1744-4E93-8BEB-AE5CB27ADDF8}.Release|Any CPU.ActiveCfg = Release|Any CPU
		{D89933EF-1744-4E93-8BEB-AE5CB27ADDF8}.Release|Any CPU.Build.0 = Release|Any CPU
		{7CA9D4CB-CF6A-4F99-8306-F2D3C34A8AB8}.Debug|Any CPU.ActiveCfg = Debug|Any CPU
		{7CA9D4CB-CF6A-4F99-8306-F2D3C34A8AB8}.Debug|Any CPU.Build.0 = Debug|Any CPU
		{7CA9D4CB-CF6A-4F99-8306-F2D3C34A8AB8}.Release|Any CPU.ActiveCfg = Release|Any CPU
		{7CA9D4CB-CF6A-4F99-8306-F2D3C34A8AB8}.Release|Any CPU.Build.0 = Release|Any CPU
	EndGlobalSection
	GlobalSection(SolutionProperties) = preSolution
		HideSolutionNode = FALSE
	EndGlobalSection
	GlobalSection(ExtensibilityGlobals) = postSolution
		SolutionGuid = {56453274-BE23-4C05-9580-C5FD66136625}
	EndGlobalSection
EndGlobal
